{
  "object": {
    "pins": [
      {
        "package": "Kingfisher",
        "repositoryURL": "https://github.com/onevcat/Kingfisher",
        "state": {
          "branch": null,
          "revision": "44450a8f564d7c0165f736ba2250649ff8d3e556",
          "version": "6.3.0"
        }
      },
      {
        "package": "Reusable",
        "repositoryURL": "https://github.com/AliSoftware/Reusable",
        "state": {
          "branch": null,
          "revision": "86cd17aa27e80d20bfe2ea57dd08958cf64664f4",
          "version": "4.1.1"
        }
      },
      {
        "package": "TinyConstraints",
        "repositoryURL": "https://github.com/roberthein/TinyConstraints",
        "state": {
          "branch": null,
          "revision": "f413ea53b886de81b925eeb37a14538fe6ae4912",
          "version": "4.0.1"
        }
      }
    ]
  },
  "version": 1
}
